
Microsoft Visual Studio Solution File, Format Version 12.00
# Visual Studio Version 16
VisualStudioVersion = 16.0.29306.81
MinimumVisualStudioVersion = 10.0.40219.1
Project("{FAE04EC0-301F-11D3-BF4B-00C04F79EFBC}") = "FileReadAndWrite", "FileReadAndWrite\FileReadAndWrite.csproj", "{7BC1FE11-D037-4F1E-8DF9-002494292E6C}"
EndProject
Global
	GlobalSection(SolutionConfigurationPlatforms) = preSolution
		Debug|Any CPU = Debug|Any CPU
		Release|Any CPU = Release|Any CPU
	EndGlobalSection
	GlobalSection(ProjectConfigurationPlatforms) = postSolution
		{7BC1FE11-D037-4F1E-8DF9-002494292E6C}.Debug|Any CPU.ActiveCfg = Debug|Any CPU
		{7BC1FE11-D037-4F1E-8DF9-002494292E6C}.Debug|Any CPU.Build.0 = Debug|Any CPU
		{7BC1FE11-D037-4F1E-8DF9-002494292E6C}.Release|Any CPU.ActiveCfg = Release|Any CPU
		{7BC1FE11-D037-4F1E-8DF9-002494292E6C}.Release|Any CPU.Build.0 = Release|Any CPU
	EndGlobalSection
	GlobalSection(SolutionProperties) = preSolution
		HideSolutionNode = FALSE
	EndGlobalSection
	GlobalSection(ExtensibilityGlobals) = postSolution
		SolutionGuid = {75F3CF90-89EF-489B-88C3-196166550081}
	EndGlobalSection
EndGlobal
